
Microsoft Visual Studio Solution File, Format Version 12.00
# Visual Studio Version 16
VisualStudioVersion = 16.0.30128.74
MinimumVisualStudioVersion = 10.0.40219.1
Project("{FAE04EC0-301F-11D3-BF4B-00C04F79EFBC}") = "TestTask.WebMail", "TestTask.WebMail\TestTask.WebMail.csproj", "{214EA730-E065-46BC-8D14-7590E5199EBD}"
EndProject
Global
	GlobalSection(SolutionConfigurationPlatforms) = preSolution
		Debug|Any CPU = Debug|Any CPU
		Release|Any CPU = Release|Any CPU
	EndGlobalSection
	GlobalSection(ProjectConfigurationPlatforms) = postSolution
		{214EA730-E065-46BC-8D14-7590E5199EBD}.Debug|Any CPU.ActiveCfg = Debug|Any CPU
		{214EA730-E065-46BC-8D14-7590E5199EBD}.Debug|Any CPU.Build.0 = Debug|Any CPU
		{214EA730-E065-46BC-8D14-7590E5199EBD}.Release|Any CPU.ActiveCfg = Release|Any CPU
		{214EA730-E065-46BC-8D14-7590E5199EBD}.Release|Any CPU.Build.0 = Release|Any CPU
	EndGlobalSection
	GlobalSection(SolutionProperties) = preSolution
		HideSolutionNode = FALSE
	EndGlobalSection
	GlobalSection(ExtensibilityGlobals) = postSolution
		SolutionGuid = {0E890156-6E76-47A3-97EA-DA16DB053385}
	EndGlobalSection
EndGlobal
